{
  "name": "mindful-commons",
  "version": "1.0.92",
  "lockfileVersion": 1,
  "requires": true,
  "dependencies": {
    "@types/node": {
      "version": "14.14.31",
      "resolved": "https://registry.npmjs.org/@types/node/-/node-14.14.31.tgz",
      "integrity": "sha512-vFHy/ezP5qI0rFgJ7aQnjDXwAMrG0KqqIH7tQG5PPv3BWBayOPIQNBjVc/P6hhdZfMx51REc6tfDNXHUio893g==",
      "dev": true
    },
    "@types/validator": {
      "version": "13.0.0",
      "resolved": "https://registry.npmjs.org/@types/validator/-/validator-13.0.0.tgz",
      "integrity": "sha512-WAy5txG7aFX8Vw3sloEKp5p/t/Xt8jD3GRD9DacnFv6Vo8ubudAsRTXgxpQwU0mpzY/H8U4db3roDuCMjShBmw=="
    },
    "class-transformer": {
      "version": "0.3.2",
      "resolved": "https://registry.npmjs.org/class-transformer/-/class-transformer-0.3.2.tgz",
      "integrity": "sha512-9QY6QXBH/+Gt1C3HBmJCrgY6+EFpIa6aLjfDnlXFx0zQl/HjrCE7qoaI0srNrxpMIfsobCpgUdDG5JYtJOpVsw=="
    },
    "class-validator": {
      "version": "0.12.2",
      "resolved": "https://registry.npmjs.org/class-validator/-/class-validator-0.12.2.tgz",
      "integrity": "sha512-TDzPzp8BmpsbPhQpccB3jMUE/3pK0TyqamrK0kcx+ZeFytMA+O6q87JZZGObHHnoo9GM8vl/JppIyKWeEA/EVw==",
      "requires": {
        "@types/validator": "13.0.0",
        "google-libphonenumber": "^3.2.8",
        "tslib": ">=1.9.0",
        "validator": "13.0.0"
      }
    },
    "google-libphonenumber": {
      "version": "3.2.17",
      "resolved": "https://registry.npmjs.org/google-libphonenumber/-/google-libphonenumber-3.2.17.tgz",
      "integrity": "sha512-T1fBQ3ujlpo4VUe0palZVHxBkY1zsfCShkS3l1rNq/d5C6C1SIijo8aXzgpJeGQFB8Bk+C36o6jhLl05NtfQ3w=="
    },
    "rxjs": {
      "version": "6.6.3",
      "resolved": "https://registry.npmjs.org/rxjs/-/rxjs-6.6.3.tgz",
      "integrity": "sha512-trsQc+xYYXZ3urjOiJOuCOa5N3jAZ3eiSpQB5hIT8zGlL2QfnHLJ2r7GMkBGuIausdJN1OneaI6gQlsqNHHmZQ==",
      "requires": {
        "tslib": "^1.9.0"
      },
      "dependencies": {
        "tslib": {
          "version": "1.14.1",
          "resolved": "https://registry.npmjs.org/tslib/-/tslib-1.14.1.tgz",
          "integrity": "sha512-Xni35NKzjgMrwevysHTCArtLDpPvye8zV/0E4EyYn43P7/7qvQwPh9BGkHewbMulVntbigmcT7rdX3BNo9wRJg=="
        }
      }
    },
    "tslib": {
      "version": "2.1.0",
      "resolved": "https://registry.npmjs.org/tslib/-/tslib-2.1.0.tgz",
      "integrity": "sha512-hcVC3wYEziELGGmEEXue7D75zbwIIVUMWAVbHItGPx0ziyXxrOMQx4rQEVEV45Ut/1IotuEvwqPopzIOkDMf0A=="
    },
    "typescript": {
      "version": "3.9.9",
      "resolved": "https://registry.npmjs.org/typescript/-/typescript-3.9.9.tgz",
      "integrity": "sha512-kdMjTiekY+z/ubJCATUPlRDl39vXYiMV9iyeMuEuXZh2we6zz80uovNN2WlAxmmdE/Z/YQe+EbOEXB5RHEED3w==",
      "dev": true
    },
    "validator": {
      "version": "13.0.0",
      "resolved": "https://registry.npmjs.org/validator/-/validator-13.0.0.tgz",
      "integrity": "sha512-anYx5fURbgF04lQV18nEQWZ/3wHGnxiKdG4aL8J+jEDsm98n/sU/bey+tYk6tnGJzm7ioh5FoqrAiQ6m03IgaA=="
    }
  }
}
